// !$*UTF8*$!
{
	archiveVersion = 1;
	classes = {
	};
	objectVersion = 51;
	objects = {

/* Begin PBXBuildFile section */
		251D28AD2601901700BB607D /* UIImage.swift in Sources */ = {isa = PBXBuildFile; fileRef = 251D28AC2601901700BB607D /* UIImage.swift */; };
		251D28E026019EB600BB607D /* UIView.swift in Sources */ = {isa = PBXBuildFile; fileRef = 251D28DF26019EB600BB607D /* UIView.swift */; };
		25799CF325F99A6300A0BC90 /* NanumSquareRoundL.ttf in Resources */ = {isa = PBXBuildFile; fileRef = 25799CEF25F99A6200A0BC90 /* NanumSquareRoundL.ttf */; };
		25799CF425F99A6300A0BC90 /* NanumSquareRoundB.ttf in Resources */ = {isa = PBXBuildFile; fileRef = 25799CF025F99A6300A0BC90 /* NanumSquareRoundB.ttf */; };
		25799CF525F99A6300A0BC90 /* NanumSquareRoundR.ttf in Resources */ = {isa = PBXBuildFile; fileRef = 25799CF125F99A6300A0BC90 /* NanumSquareRoundR.ttf */; };
		25799CF625F99A6300A0BC90 /* NanumSquareRoundEB.ttf in Resources */ = {isa = PBXBuildFile; fileRef = 25799CF225F99A6300A0BC90 /* NanumSquareRoundEB.ttf */; };
		25799CFC25F99D6300A0BC90 /* SearchGradeBottomPopupCell.swift in Sources */ = {isa = PBXBuildFile; fileRef = 25799CFA25F99D6300A0BC90 /* SearchGradeBottomPopupCell.swift */; };
		25799CFD25F99D6300A0BC90 /* SearchGradeBottomPopupCell.xib in Resources */ = {isa = PBXBuildFile; fileRef = 25799CFB25F99D6300A0BC90 /* SearchGradeBottomPopupCell.xib */; };
		25799D0225F9BBFD00A0BC90 /* SearchAfterVC.swift in Sources */ = {isa = PBXBuildFile; fileRef = 25799D0025F9BBFD00A0BC90 /* SearchAfterVC.swift */; };
		25799D0325F9BBFD00A0BC90 /* SearchAfterVC.xib in Resources */ = {isa = PBXBuildFile; fileRef = 25799D0125F9BBFD00A0BC90 /* SearchAfterVC.xib */; };
		25799D0E25F9CC0B00A0BC90 /* SearchConsultCell.swift in Sources */ = {isa = PBXBuildFile; fileRef = 25799D0C25F9CC0B00A0BC90 /* SearchConsultCell.swift */; };
		25799D0F25F9CC0B00A0BC90 /* SearchConsultCell.xib in Resources */ = {isa = PBXBuildFile; fileRef = 25799D0D25F9CC0B00A0BC90 /* SearchConsultCell.xib */; };
		25799D1825F9DCD900A0BC90 /* CustonFont.swift in Sources */ = {isa = PBXBuildFile; fileRef = 25799D1725F9DCD900A0BC90 /* CustonFont.swift */; };
		25799D1D25F9ECC100A0BC90 /* SearchNoteCell.swift in Sources */ = {isa = PBXBuildFile; fileRef = 25799D1B25F9ECC100A0BC90 /* SearchNoteCell.swift */; };
		25799D1E25F9ECC100A0BC90 /* SearchNoteCell.xib in Resources */ = {isa = PBXBuildFile; fileRef = 25799D1C25F9ECC100A0BC90 /* SearchNoteCell.xib */; };
		25799D2325F9F8CC00A0BC90 /* Search.swift in Sources */ = {isa = PBXBuildFile; fileRef = 25799D2225F9F8CC00A0BC90 /* Search.swift */; };
		25799D2725FA152F00A0BC90 /* SearchVideoViewModel.swift in Sources */ = {isa = PBXBuildFile; fileRef = 25799D2625FA152F00A0BC90 /* SearchVideoViewModel.swift */; };
		25B9B3D125FAFBC8006E1985 /* UIViewController.swift in Sources */ = {isa = PBXBuildFile; fileRef = 25B9B3D025FAFBC8006E1985 /* UIViewController.swift */; };
		25BA823625F8524F007D1691 /* PopularKeywordVC.swift in Sources */ = {isa = PBXBuildFile; fileRef = 25BA823425F8524F007D1691 /* PopularKeywordVC.swift */; };
		25BA823725F8524F007D1691 /* PopularKeywordVC.xib in Resources */ = {isa = PBXBuildFile; fileRef = 25BA823525F8524F007D1691 /* PopularKeywordVC.xib */; };
		25BA823B25F85261007D1691 /* RecentKeywordVC.swift in Sources */ = {isa = PBXBuildFile; fileRef = 25BA823925F85261007D1691 /* RecentKeywordVC.swift */; };
		25BA823C25F85261007D1691 /* RecentKeywordVC.xib in Resources */ = {isa = PBXBuildFile; fileRef = 25BA823A25F85261007D1691 /* RecentKeywordVC.xib */; };
		25BA824425F85D90007D1691 /* PopularKeywordCell.swift in Sources */ = {isa = PBXBuildFile; fileRef = 25BA824225F85D90007D1691 /* PopularKeywordCell.swift */; };
		25BA824525F85D90007D1691 /* PopularKeywordCell.xib in Resources */ = {isa = PBXBuildFile; fileRef = 25BA824325F85D90007D1691 /* PopularKeywordCell.xib */; };
		25BA825025F86966007D1691 /* RecentKeywordCell.swift in Sources */ = {isa = PBXBuildFile; fileRef = 25BA824E25F86966007D1691 /* RecentKeywordCell.swift */; };
		25BA825125F86966007D1691 /* RecentKeywordCell.xib in Resources */ = {isa = PBXBuildFile; fileRef = 25BA824F25F86966007D1691 /* RecentKeywordCell.xib */; };
		25BA825725F87635007D1691 /* RecentKeywordViewModel.swift in Sources */ = {isa = PBXBuildFile; fileRef = 25BA825625F87635007D1691 /* RecentKeywordViewModel.swift */; };
		25BA826025F895A2007D1691 /* SearchVideoVC.swift in Sources */ = {isa = PBXBuildFile; fileRef = 25BA825E25F895A2007D1691 /* SearchVideoVC.swift */; };
		25BA826125F895A2007D1691 /* SearchVideoVC.xib in Resources */ = {isa = PBXBuildFile; fileRef = 25BA825F25F895A2007D1691 /* SearchVideoVC.xib */; };
		25BA826925F895BF007D1691 /* SearchNoteVC.swift in Sources */ = {isa = PBXBuildFile; fileRef = 25BA826725F895BF007D1691 /* SearchNoteVC.swift */; };
		25BA826A25F895BF007D1691 /* SearchNoteVC.xib in Resources */ = {isa = PBXBuildFile; fileRef = 25BA826825F895BF007D1691 /* SearchNoteVC.xib */; };
		25BA826F25F895E0007D1691 /* SearchConsultVC.swift in Sources */ = {isa = PBXBuildFile; fileRef = 25BA826D25F895E0007D1691 /* SearchConsultVC.swift */; };
		25BA827025F895E0007D1691 /* SearchConsultVC.xib in Resources */ = {isa = PBXBuildFile; fileRef = 25BA826E25F895E0007D1691 /* SearchConsultVC.xib */; };
		25BA827525F89EDC007D1691 /* SearchVideoCell.swift in Sources */ = {isa = PBXBuildFile; fileRef = 25BA827325F89EDC007D1691 /* SearchVideoCell.swift */; };
		25BA827625F89EDC007D1691 /* SearchVideoCell.xib in Resources */ = {isa = PBXBuildFile; fileRef = 25BA827425F89EDC007D1691 /* SearchVideoCell.xib */; };
		25BA828C25F8B154007D1691 /* ConstraintMethod.swift in Sources */ = {isa = PBXBuildFile; fileRef = 25BA828B25F8B154007D1691 /* ConstraintMethod.swift */; };
		25C17EE025F7459200831E8A /* ProgressDetailCell.swift in Sources */ = {isa = PBXBuildFile; fileRef = 25C17EDE25F7459200831E8A /* ProgressDetailCell.swift */; };
		25C17EE125F7459200831E8A /* ProgressDetailCell.xib in Resources */ = {isa = PBXBuildFile; fileRef = 25C17EDF25F7459200831E8A /* ProgressDetailCell.xib */; };
		25C17EE525F7509700831E8A /* ProgressDetailVC.swift in Sources */ = {isa = PBXBuildFile; fileRef = 25C17EE325F7509700831E8A /* ProgressDetailVC.swift */; };
		25C17EE625F7509700831E8A /* ProgressDetailVC.xib in Resources */ = {isa = PBXBuildFile; fileRef = 25C17EE425F7509700831E8A /* ProgressDetailVC.xib */; };
		25C17EEB25F7632E00831E8A /* UIColor.swift in Sources */ = {isa = PBXBuildFile; fileRef = 25C17EEA25F7632E00831E8A /* UIColor.swift */; };
		25CC754925F5FA41004AAB5B /* ProgressScienceVC.swift in Sources */ = {isa = PBXBuildFile; fileRef = 25CC754725F5FA41004AAB5B /* ProgressScienceVC.swift */; };
		25CC754A25F5FA41004AAB5B /* ProgressScienceVC.xib in Resources */ = {isa = PBXBuildFile; fileRef = 25CC754825F5FA41004AAB5B /* ProgressScienceVC.xib */; };
		25CC754E25F5FA55004AAB5B /* ProgressSocialVC.swift in Sources */ = {isa = PBXBuildFile; fileRef = 25CC754C25F5FA55004AAB5B /* ProgressSocialVC.swift */; };
		25CC754F25F5FA55004AAB5B /* ProgressSocialVC.xib in Resources */ = {isa = PBXBuildFile; fileRef = 25CC754D25F5FA55004AAB5B /* ProgressSocialVC.xib */; };
		25CC755325F5FA65004AAB5B /* ProgressOthers.swift in Sources */ = {isa = PBXBuildFile; fileRef = 25CC755125F5FA65004AAB5B /* ProgressOthers.swift */; };
		25CC755425F5FA65004AAB5B /* ProgressOthers.xib in Resources */ = {isa = PBXBuildFile; fileRef = 25CC755225F5FA65004AAB5B /* ProgressOthers.xib */; };
		25CC755825F5FAF0004AAB5B /* ProgressMainCell.swift in Sources */ = {isa = PBXBuildFile; fileRef = 25CC755625F5FAF0004AAB5B /* ProgressMainCell.swift */; };
		25CC755925F5FAF0004AAB5B /* ProgressMainCell.xib in Resources */ = {isa = PBXBuildFile; fileRef = 25CC755725F5FAF0004AAB5B /* ProgressMainCell.xib */; };
		25CC756825F604B9004AAB5B /* ProgressMainVC.swift in Sources */ = {isa = PBXBuildFile; fileRef = 25CC756625F604B9004AAB5B /* ProgressMainVC.swift */; };
		25CC756925F604B9004AAB5B /* ProgressMainVC.xib in Resources */ = {isa = PBXBuildFile; fileRef = 25CC756725F604B9004AAB5B /* ProgressMainVC.xib */; };
		25CC757625F60B1F004AAB5B /* ProgressPopupVC.swift in Sources */ = {isa = PBXBuildFile; fileRef = 25CC757425F60B1F004AAB5B /* ProgressPopupVC.swift */; };
		25CC757725F60B1F004AAB5B /* ProgressPopupVC.xib in Resources */ = {isa = PBXBuildFile; fileRef = 25CC757525F60B1F004AAB5B /* ProgressPopupVC.xib */; };
		25CC757B25F60DA4004AAB5B /* ProgressPopupCell.swift in Sources */ = {isa = PBXBuildFile; fileRef = 25CC757925F60DA4004AAB5B /* ProgressPopupCell.swift */; };
		25CC757C25F60DA4004AAB5B /* ProgressPopupCell.xib in Resources */ = {isa = PBXBuildFile; fileRef = 25CC757A25F60DA4004AAB5B /* ProgressPopupCell.xib */; };
		25CC758125F6209D004AAB5B /* ProgressPopupViewModel.swift in Sources */ = {isa = PBXBuildFile; fileRef = 25CC758025F6209D004AAB5B /* ProgressPopupViewModel.swift */; };
		25CC758625F620F3004AAB5B /* ProgressPopupModel.swift in Sources */ = {isa = PBXBuildFile; fileRef = 25CC758525F620F3004AAB5B /* ProgressPopupModel.swift */; };
		25ECCFA825F6F6EE00E59B5F /* EmptyStateViewCell.swift in Sources */ = {isa = PBXBuildFile; fileRef = 25ECCFA625F6F6EE00E59B5F /* EmptyStateViewCell.swift */; };
		25ECCFA925F6F6EE00E59B5F /* EmptyStateViewCell.xib in Resources */ = {isa = PBXBuildFile; fileRef = 25ECCFA725F6F6EE00E59B5F /* EmptyStateViewCell.xib */; };
		25FA2A8E26005D5800EA78C3 /* ElementaryVC.swift in Sources */ = {isa = PBXBuildFile; fileRef = 25FA2A8C26005D5800EA78C3 /* ElementaryVC.swift */; };
		25FA2A8F26005D5800EA78C3 /* ElementaryVC.xib in Resources */ = {isa = PBXBuildFile; fileRef = 25FA2A8D26005D5800EA78C3 /* ElementaryVC.xib */; };
		25FA2A9326005D7000EA78C3 /* MiddleSchoolVC.swift in Sources */ = {isa = PBXBuildFile; fileRef = 25FA2A9126005D7000EA78C3 /* MiddleSchoolVC.swift */; };
		25FA2A9426005D7000EA78C3 /* MiddleSchoolVC.xib in Resources */ = {isa = PBXBuildFile; fileRef = 25FA2A9226005D7000EA78C3 /* MiddleSchoolVC.xib */; };
		25FA2A9826005D7E00EA78C3 /* HighSchoolVC.swift in Sources */ = {isa = PBXBuildFile; fileRef = 25FA2A9626005D7E00EA78C3 /* HighSchoolVC.swift */; };
		25FA2A9926005D7E00EA78C3 /* HighSchoolVC.xib in Resources */ = {isa = PBXBuildFile; fileRef = 25FA2A9726005D7E00EA78C3 /* HighSchoolVC.xib */; };
		25FA2A9D26005DE400EA78C3 /* TeacherPlaylistVC.swift in Sources */ = {isa = PBXBuildFile; fileRef = 25FA2A9B26005DE400EA78C3 /* TeacherPlaylistVC.swift */; };
		25FA2A9E26005DE400EA78C3 /* TeacherPlaylistVC.xib in Resources */ = {isa = PBXBuildFile; fileRef = 25FA2A9C26005DE400EA78C3 /* TeacherPlaylistVC.xib */; };
		25FA2AA226005DFD00EA78C3 /* LecturePlaylistVC.swift in Sources */ = {isa = PBXBuildFile; fileRef = 25FA2AA026005DFD00EA78C3 /* LecturePlaylistVC.swift */; };
		25FA2AA326005DFD00EA78C3 /* LecturePlaylistVC.xib in Resources */ = {isa = PBXBuildFile; fileRef = 25FA2AA126005DFD00EA78C3 /* LecturePlaylistVC.xib */; };
		25FA2AAE2600620100EA78C3 /* CurriculumCell.swift in Sources */ = {isa = PBXBuildFile; fileRef = 25FA2AAC2600620100EA78C3 /* CurriculumCell.swift */; };
		25FA2AAF2600620100EA78C3 /* CurriculumCell.xib in Resources */ = {isa = PBXBuildFile; fileRef = 25FA2AAD2600620100EA78C3 /* CurriculumCell.xib */; };
		25FA2AB32600624F00EA78C3 /* TeacherPlaylistCell.swift in Sources */ = {isa = PBXBuildFile; fileRef = 25FA2AB12600624F00EA78C3 /* TeacherPlaylistCell.swift */; };
		25FA2AB42600624F00EA78C3 /* TeacherPlaylistCell.xib in Resources */ = {isa = PBXBuildFile; fileRef = 25FA2AB22600624F00EA78C3 /* TeacherPlaylistCell.xib */; };
		25FA2AB82600625D00EA78C3 /* LectureCell.swift in Sources */ = {isa = PBXBuildFile; fileRef = 25FA2AB62600625D00EA78C3 /* LectureCell.swift */; };
		25FA2AB92600625D00EA78C3 /* LectureCell.xib in Resources */ = {isa = PBXBuildFile; fileRef = 25FA2AB72600625D00EA78C3 /* LectureCell.xib */; };
		6C47138325F5D3CC00D68A2B /* KoreanEnglishMathTitleCVCell.swift in Sources */ = {isa = PBXBuildFile; fileRef = 6C47138225F5D3CC00D68A2B /* KoreanEnglishMathTitleCVCell.swift */; };
		6C47138625F5D3E100D68A2B /* KoreanEnglishMathCVCell.swift in Sources */ = {isa = PBXBuildFile; fileRef = 6C47138525F5D3E100D68A2B /* KoreanEnglishMathCVCell.swift */; };
		6CD7C3C525F086E00092D30E /* AppDelegate.swift in Sources */ = {isa = PBXBuildFile; fileRef = 6CD7C3C425F086E00092D30E /* AppDelegate.swift */; };
		6CD7C3C725F086E00092D30E /* SceneDelegate.swift in Sources */ = {isa = PBXBuildFile; fileRef = 6CD7C3C625F086E00092D30E /* SceneDelegate.swift */; };
		6CD7C3CC25F086E00092D30E /* Main.storyboard in Resources */ = {isa = PBXBuildFile; fileRef = 6CD7C3CA25F086E00092D30E /* Main.storyboard */; };
		6CD7C3CE25F086E60092D30E /* Assets.xcassets in Resources */ = {isa = PBXBuildFile; fileRef = 6CD7C3CD25F086E60092D30E /* Assets.xcassets */; };
		6CD7C3D125F086E60092D30E /* LaunchScreen.storyboard in Resources */ = {isa = PBXBuildFile; fileRef = 6CD7C3CF25F086E60092D30E /* LaunchScreen.storyboard */; };
		6CF2E64E25F08B2A000FE084 /* TabsView.swift in Sources */ = {isa = PBXBuildFile; fileRef = 6CF2E64D25F08B2A000FE084 /* TabsView.swift */; };
		6CF2E65125F09161000FE084 /* TabCell.swift in Sources */ = {isa = PBXBuildFile; fileRef = 6CF2E65025F09161000FE084 /* TabCell.swift */; };
		6CF2E65425F0A75F000FE084 /* TabsPageViewController.swift in Sources */ = {isa = PBXBuildFile; fileRef = 6CF2E65325F0A75F000FE084 /* TabsPageViewController.swift */; };
		6CF2E65825F0A992000FE084 /* RecommendVC.swift in Sources */ = {isa = PBXBuildFile; fileRef = 6CF2E65725F0A992000FE084 /* RecommendVC.swift */; };
		6CF2E65B25F0AA2C000FE084 /* PopularVC.swift in Sources */ = {isa = PBXBuildFile; fileRef = 6CF2E65A25F0AA2C000FE084 /* PopularVC.swift */; };
		6CF2E65F25F0AA45000FE084 /* KoreanEnglishMathVC.swift in Sources */ = {isa = PBXBuildFile; fileRef = 6CF2E65E25F0AA45000FE084 /* KoreanEnglishMathVC.swift */; };
		6CF2E66225F0AA53000FE084 /* ScienceVC.swift in Sources */ = {isa = PBXBuildFile; fileRef = 6CF2E66125F0AA53000FE084 /* ScienceVC.swift */; };
		6CF2E66525F0AA8E000FE084 /* SocialStudiesVC.swift in Sources */ = {isa = PBXBuildFile; fileRef = 6CF2E66425F0AA8E000FE084 /* SocialStudiesVC.swift */; };
		6CF2E66825F0AAB7000FE084 /* OtherSubjectsVC.swift in Sources */ = {isa = PBXBuildFile; fileRef = 6CF2E66725F0AAB7000FE084 /* OtherSubjectsVC.swift */; };
		6CF2E66C25F0AB9B000FE084 /* HomeVC.swift in Sources */ = {isa = PBXBuildFile; fileRef = 6CF2E66B25F0AB9B000FE084 /* HomeVC.swift */; };
		6CF2E67125F0C449000FE084 /* ProgressLearningVC.swift in Sources */ = {isa = PBXBuildFile; fileRef = 6CF2E67025F0C449000FE084 /* ProgressLearningVC.swift */; };
		6CF2E67825F0C498000FE084 /* SearchVC.swift in Sources */ = {isa = PBXBuildFile; fileRef = 6CF2E67725F0C498000FE084 /* SearchVC.swift */; };
		6CF2E67B25F0C4CF000FE084 /* ExpertConsultationVC.swift in Sources */ = {isa = PBXBuildFile; fileRef = 6CF2E67A25F0C4CF000FE084 /* ExpertConsultationVC.swift */; };
		6CF2E67E25F0C59A000FE084 /* LectureByInstructorVC.swift in Sources */ = {isa = PBXBuildFile; fileRef = 6CF2E67D25F0C59A000FE084 /* LectureByInstructorVC.swift */; };
		6CF2E68725F21E2C000FE084 /* PopularCVCell.swift in Sources */ = {isa = PBXBuildFile; fileRef = 6CF2E68625F21E2C000FE084 /* PopularCVCell.swift */; };
		6CF2E69125F227AD000FE084 /* PopularTitleCVCell.swift in Sources */ = {isa = PBXBuildFile; fileRef = 6CF2E69025F227AD000FE084 /* PopularTitleCVCell.swift */; };
		8D28CD261F65FD3CEF6AE324 /* Pods_gongmanse.framework in Frameworks */ = {isa = PBXBuildFile; fileRef = C76B166D1A38127929F36FC3 /* Pods_gongmanse.framework */; };
/* End PBXBuildFile section */

/* Begin PBXFileReference section */
		251D28AC2601901700BB607D /* UIImage.swift */ = {isa = PBXFileReference; lastKnownFileType = sourcecode.swift; path = UIImage.swift; sourceTree = "<group>"; };
		251D28DF26019EB600BB607D /* UIView.swift */ = {isa = PBXFileReference; lastKnownFileType = sourcecode.swift; path = UIView.swift; sourceTree = "<group>"; };
		25799CEF25F99A6200A0BC90 /* NanumSquareRoundL.ttf */ = {isa = PBXFileReference; lastKnownFileType = file; path = NanumSquareRoundL.ttf; sourceTree = "<group>"; };
		25799CF025F99A6300A0BC90 /* NanumSquareRoundB.ttf */ = {isa = PBXFileReference; lastKnownFileType = file; path = NanumSquareRoundB.ttf; sourceTree = "<group>"; };
		25799CF125F99A6300A0BC90 /* NanumSquareRoundR.ttf */ = {isa = PBXFileReference; lastKnownFileType = file; path = NanumSquareRoundR.ttf; sourceTree = "<group>"; };
		25799CF225F99A6300A0BC90 /* NanumSquareRoundEB.ttf */ = {isa = PBXFileReference; lastKnownFileType = file; path = NanumSquareRoundEB.ttf; sourceTree = "<group>"; };
		25799CFA25F99D6300A0BC90 /* SearchGradeBottomPopupCell.swift */ = {isa = PBXFileReference; lastKnownFileType = sourcecode.swift; path = SearchGradeBottomPopupCell.swift; sourceTree = "<group>"; };
		25799CFB25F99D6300A0BC90 /* SearchGradeBottomPopupCell.xib */ = {isa = PBXFileReference; lastKnownFileType = file.xib; path = SearchGradeBottomPopupCell.xib; sourceTree = "<group>"; };
		25799D0025F9BBFD00A0BC90 /* SearchAfterVC.swift */ = {isa = PBXFileReference; lastKnownFileType = sourcecode.swift; path = SearchAfterVC.swift; sourceTree = "<group>"; };
		25799D0125F9BBFD00A0BC90 /* SearchAfterVC.xib */ = {isa = PBXFileReference; lastKnownFileType = file.xib; path = SearchAfterVC.xib; sourceTree = "<group>"; };
		25799D0C25F9CC0B00A0BC90 /* SearchConsultCell.swift */ = {isa = PBXFileReference; lastKnownFileType = sourcecode.swift; path = SearchConsultCell.swift; sourceTree = "<group>"; };
		25799D0D25F9CC0B00A0BC90 /* SearchConsultCell.xib */ = {isa = PBXFileReference; lastKnownFileType = file.xib; path = SearchConsultCell.xib; sourceTree = "<group>"; };
		25799D1725F9DCD900A0BC90 /* CustonFont.swift */ = {isa = PBXFileReference; lastKnownFileType = sourcecode.swift; path = CustonFont.swift; sourceTree = "<group>"; };
		25799D1B25F9ECC100A0BC90 /* SearchNoteCell.swift */ = {isa = PBXFileReference; lastKnownFileType = sourcecode.swift; path = SearchNoteCell.swift; sourceTree = "<group>"; };
		25799D1C25F9ECC100A0BC90 /* SearchNoteCell.xib */ = {isa = PBXFileReference; lastKnownFileType = file.xib; path = SearchNoteCell.xib; sourceTree = "<group>"; };
		25799D2225F9F8CC00A0BC90 /* Search.swift */ = {isa = PBXFileReference; lastKnownFileType = sourcecode.swift; path = Search.swift; sourceTree = "<group>"; };
		25799D2625FA152F00A0BC90 /* SearchVideoViewModel.swift */ = {isa = PBXFileReference; lastKnownFileType = sourcecode.swift; path = SearchVideoViewModel.swift; sourceTree = "<group>"; };
		25B9B3D025FAFBC8006E1985 /* UIViewController.swift */ = {isa = PBXFileReference; lastKnownFileType = sourcecode.swift; path = UIViewController.swift; sourceTree = "<group>"; };
		25BA823425F8524F007D1691 /* PopularKeywordVC.swift */ = {isa = PBXFileReference; lastKnownFileType = sourcecode.swift; path = PopularKeywordVC.swift; sourceTree = "<group>"; };
		25BA823525F8524F007D1691 /* PopularKeywordVC.xib */ = {isa = PBXFileReference; lastKnownFileType = file.xib; path = PopularKeywordVC.xib; sourceTree = "<group>"; };
		25BA823925F85261007D1691 /* RecentKeywordVC.swift */ = {isa = PBXFileReference; lastKnownFileType = sourcecode.swift; path = RecentKeywordVC.swift; sourceTree = "<group>"; };
		25BA823A25F85261007D1691 /* RecentKeywordVC.xib */ = {isa = PBXFileReference; lastKnownFileType = file.xib; path = RecentKeywordVC.xib; sourceTree = "<group>"; };
		25BA824225F85D90007D1691 /* PopularKeywordCell.swift */ = {isa = PBXFileReference; lastKnownFileType = sourcecode.swift; path = PopularKeywordCell.swift; sourceTree = "<group>"; };
		25BA824325F85D90007D1691 /* PopularKeywordCell.xib */ = {isa = PBXFileReference; lastKnownFileType = file.xib; path = PopularKeywordCell.xib; sourceTree = "<group>"; };
		25BA824E25F86966007D1691 /* RecentKeywordCell.swift */ = {isa = PBXFileReference; lastKnownFileType = sourcecode.swift; path = RecentKeywordCell.swift; sourceTree = "<group>"; wrapsLines = 0; };
		25BA824F25F86966007D1691 /* RecentKeywordCell.xib */ = {isa = PBXFileReference; lastKnownFileType = file.xib; path = RecentKeywordCell.xib; sourceTree = "<group>"; };
		25BA825625F87635007D1691 /* RecentKeywordViewModel.swift */ = {isa = PBXFileReference; lastKnownFileType = sourcecode.swift; path = RecentKeywordViewModel.swift; sourceTree = "<group>"; };
		25BA825E25F895A2007D1691 /* SearchVideoVC.swift */ = {isa = PBXFileReference; lastKnownFileType = sourcecode.swift; path = SearchVideoVC.swift; sourceTree = "<group>"; };
		25BA825F25F895A2007D1691 /* SearchVideoVC.xib */ = {isa = PBXFileReference; lastKnownFileType = file.xib; path = SearchVideoVC.xib; sourceTree = "<group>"; };
		25BA826725F895BF007D1691 /* SearchNoteVC.swift */ = {isa = PBXFileReference; lastKnownFileType = sourcecode.swift; path = SearchNoteVC.swift; sourceTree = "<group>"; };
		25BA826825F895BF007D1691 /* SearchNoteVC.xib */ = {isa = PBXFileReference; lastKnownFileType = file.xib; path = SearchNoteVC.xib; sourceTree = "<group>"; };
		25BA826D25F895E0007D1691 /* SearchConsultVC.swift */ = {isa = PBXFileReference; lastKnownFileType = sourcecode.swift; path = SearchConsultVC.swift; sourceTree = "<group>"; };
		25BA826E25F895E0007D1691 /* SearchConsultVC.xib */ = {isa = PBXFileReference; lastKnownFileType = file.xib; path = SearchConsultVC.xib; sourceTree = "<group>"; };
		25BA827325F89EDC007D1691 /* SearchVideoCell.swift */ = {isa = PBXFileReference; lastKnownFileType = sourcecode.swift; path = SearchVideoCell.swift; sourceTree = "<group>"; };
		25BA827425F89EDC007D1691 /* SearchVideoCell.xib */ = {isa = PBXFileReference; lastKnownFileType = file.xib; path = SearchVideoCell.xib; sourceTree = "<group>"; };
		25BA828B25F8B154007D1691 /* ConstraintMethod.swift */ = {isa = PBXFileReference; lastKnownFileType = sourcecode.swift; path = ConstraintMethod.swift; sourceTree = "<group>"; };
		25C17EDE25F7459200831E8A /* ProgressDetailCell.swift */ = {isa = PBXFileReference; lastKnownFileType = sourcecode.swift; path = ProgressDetailCell.swift; sourceTree = "<group>"; };
		25C17EDF25F7459200831E8A /* ProgressDetailCell.xib */ = {isa = PBXFileReference; lastKnownFileType = file.xib; path = ProgressDetailCell.xib; sourceTree = "<group>"; };
		25C17EE325F7509700831E8A /* ProgressDetailVC.swift */ = {isa = PBXFileReference; lastKnownFileType = sourcecode.swift; path = ProgressDetailVC.swift; sourceTree = "<group>"; };
		25C17EE425F7509700831E8A /* ProgressDetailVC.xib */ = {isa = PBXFileReference; lastKnownFileType = file.xib; path = ProgressDetailVC.xib; sourceTree = "<group>"; };
		25C17EEA25F7632E00831E8A /* UIColor.swift */ = {isa = PBXFileReference; lastKnownFileType = sourcecode.swift; path = UIColor.swift; sourceTree = "<group>"; };
		25CC754725F5FA41004AAB5B /* ProgressScienceVC.swift */ = {isa = PBXFileReference; lastKnownFileType = sourcecode.swift; path = ProgressScienceVC.swift; sourceTree = "<group>"; };
		25CC754825F5FA41004AAB5B /* ProgressScienceVC.xib */ = {isa = PBXFileReference; lastKnownFileType = file.xib; path = ProgressScienceVC.xib; sourceTree = "<group>"; };
		25CC754C25F5FA55004AAB5B /* ProgressSocialVC.swift */ = {isa = PBXFileReference; lastKnownFileType = sourcecode.swift; path = ProgressSocialVC.swift; sourceTree = "<group>"; };
		25CC754D25F5FA55004AAB5B /* ProgressSocialVC.xib */ = {isa = PBXFileReference; lastKnownFileType = file.xib; path = ProgressSocialVC.xib; sourceTree = "<group>"; };
		25CC755125F5FA65004AAB5B /* ProgressOthers.swift */ = {isa = PBXFileReference; lastKnownFileType = sourcecode.swift; path = ProgressOthers.swift; sourceTree = "<group>"; };
		25CC755225F5FA65004AAB5B /* ProgressOthers.xib */ = {isa = PBXFileReference; lastKnownFileType = file.xib; path = ProgressOthers.xib; sourceTree = "<group>"; };
		25CC755625F5FAF0004AAB5B /* ProgressMainCell.swift */ = {isa = PBXFileReference; lastKnownFileType = sourcecode.swift; path = ProgressMainCell.swift; sourceTree = "<group>"; };
		25CC755725F5FAF0004AAB5B /* ProgressMainCell.xib */ = {isa = PBXFileReference; lastKnownFileType = file.xib; path = ProgressMainCell.xib; sourceTree = "<group>"; };
		25CC756625F604B9004AAB5B /* ProgressMainVC.swift */ = {isa = PBXFileReference; lastKnownFileType = sourcecode.swift; path = ProgressMainVC.swift; sourceTree = "<group>"; };
		25CC756725F604B9004AAB5B /* ProgressMainVC.xib */ = {isa = PBXFileReference; lastKnownFileType = file.xib; path = ProgressMainVC.xib; sourceTree = "<group>"; };
		25CC757425F60B1F004AAB5B /* ProgressPopupVC.swift */ = {isa = PBXFileReference; lastKnownFileType = sourcecode.swift; path = ProgressPopupVC.swift; sourceTree = "<group>"; };
		25CC757525F60B1F004AAB5B /* ProgressPopupVC.xib */ = {isa = PBXFileReference; lastKnownFileType = file.xib; path = ProgressPopupVC.xib; sourceTree = "<group>"; };
		25CC757925F60DA4004AAB5B /* ProgressPopupCell.swift */ = {isa = PBXFileReference; lastKnownFileType = sourcecode.swift; path = ProgressPopupCell.swift; sourceTree = "<group>"; };
		25CC757A25F60DA4004AAB5B /* ProgressPopupCell.xib */ = {isa = PBXFileReference; lastKnownFileType = file.xib; path = ProgressPopupCell.xib; sourceTree = "<group>"; };
		25CC758025F6209D004AAB5B /* ProgressPopupViewModel.swift */ = {isa = PBXFileReference; lastKnownFileType = sourcecode.swift; path = ProgressPopupViewModel.swift; sourceTree = "<group>"; };
		25CC758525F620F3004AAB5B /* ProgressPopupModel.swift */ = {isa = PBXFileReference; lastKnownFileType = sourcecode.swift; path = ProgressPopupModel.swift; sourceTree = "<group>"; };
		25ECCFA625F6F6EE00E59B5F /* EmptyStateViewCell.swift */ = {isa = PBXFileReference; lastKnownFileType = sourcecode.swift; path = EmptyStateViewCell.swift; sourceTree = "<group>"; };
		25ECCFA725F6F6EE00E59B5F /* EmptyStateViewCell.xib */ = {isa = PBXFileReference; lastKnownFileType = file.xib; path = EmptyStateViewCell.xib; sourceTree = "<group>"; };
		25FA2A7926003AD000EA78C3 /* Search_README.md */ = {isa = PBXFileReference; lastKnownFileType = net.daringfireball.markdown; path = Search_README.md; sourceTree = "<group>"; };
		25FA2A8C26005D5800EA78C3 /* ElementaryVC.swift */ = {isa = PBXFileReference; lastKnownFileType = sourcecode.swift; path = ElementaryVC.swift; sourceTree = "<group>"; };
		25FA2A8D26005D5800EA78C3 /* ElementaryVC.xib */ = {isa = PBXFileReference; lastKnownFileType = file.xib; path = ElementaryVC.xib; sourceTree = "<group>"; };
		25FA2A9126005D7000EA78C3 /* MiddleSchoolVC.swift */ = {isa = PBXFileReference; lastKnownFileType = sourcecode.swift; path = MiddleSchoolVC.swift; sourceTree = "<group>"; };
		25FA2A9226005D7000EA78C3 /* MiddleSchoolVC.xib */ = {isa = PBXFileReference; lastKnownFileType = file.xib; path = MiddleSchoolVC.xib; sourceTree = "<group>"; };
		25FA2A9626005D7E00EA78C3 /* HighSchoolVC.swift */ = {isa = PBXFileReference; lastKnownFileType = sourcecode.swift; path = HighSchoolVC.swift; sourceTree = "<group>"; };
		25FA2A9726005D7E00EA78C3 /* HighSchoolVC.xib */ = {isa = PBXFileReference; lastKnownFileType = file.xib; path = HighSchoolVC.xib; sourceTree = "<group>"; };
		25FA2A9B26005DE400EA78C3 /* TeacherPlaylistVC.swift */ = {isa = PBXFileReference; lastKnownFileType = sourcecode.swift; path = TeacherPlaylistVC.swift; sourceTree = "<group>"; };
		25FA2A9C26005DE400EA78C3 /* TeacherPlaylistVC.xib */ = {isa = PBXFileReference; lastKnownFileType = file.xib; path = TeacherPlaylistVC.xib; sourceTree = "<group>"; };
		25FA2AA026005DFD00EA78C3 /* LecturePlaylistVC.swift */ = {isa = PBXFileReference; lastKnownFileType = sourcecode.swift; path = LecturePlaylistVC.swift; sourceTree = "<group>"; };
		25FA2AA126005DFD00EA78C3 /* LecturePlaylistVC.xib */ = {isa = PBXFileReference; lastKnownFileType = file.xib; path = LecturePlaylistVC.xib; sourceTree = "<group>"; };
		25FA2AA526005E3700EA78C3 /* LectureTabREADME.md */ = {isa = PBXFileReference; lastKnownFileType = net.daringfireball.markdown; path = LectureTabREADME.md; sourceTree = "<group>"; };
		25FA2AAC2600620100EA78C3 /* CurriculumCell.swift */ = {isa = PBXFileReference; lastKnownFileType = sourcecode.swift; path = CurriculumCell.swift; sourceTree = "<group>"; };
		25FA2AAD2600620100EA78C3 /* CurriculumCell.xib */ = {isa = PBXFileReference; lastKnownFileType = file.xib; path = CurriculumCell.xib; sourceTree = "<group>"; };
		25FA2AB12600624F00EA78C3 /* TeacherPlaylistCell.swift */ = {isa = PBXFileReference; lastKnownFileType = sourcecode.swift; path = TeacherPlaylistCell.swift; sourceTree = "<group>"; };
		25FA2AB22600624F00EA78C3 /* TeacherPlaylistCell.xib */ = {isa = PBXFileReference; lastKnownFileType = file.xib; path = TeacherPlaylistCell.xib; sourceTree = "<group>"; };
		25FA2AB62600625D00EA78C3 /* LectureCell.swift */ = {isa = PBXFileReference; lastKnownFileType = sourcecode.swift; path = LectureCell.swift; sourceTree = "<group>"; };
		25FA2AB72600625D00EA78C3 /* LectureCell.xib */ = {isa = PBXFileReference; lastKnownFileType = file.xib; path = LectureCell.xib; sourceTree = "<group>"; };
		6C47138225F5D3CC00D68A2B /* KoreanEnglishMathTitleCVCell.swift */ = {isa = PBXFileReference; lastKnownFileType = sourcecode.swift; path = KoreanEnglishMathTitleCVCell.swift; sourceTree = "<group>"; };
		6C47138525F5D3E100D68A2B /* KoreanEnglishMathCVCell.swift */ = {isa = PBXFileReference; lastKnownFileType = sourcecode.swift; path = KoreanEnglishMathCVCell.swift; sourceTree = "<group>"; };
		6CD7C3C125F086E00092D30E /* gongmanse.app */ = {isa = PBXFileReference; explicitFileType = wrapper.application; includeInIndex = 0; path = gongmanse.app; sourceTree = BUILT_PRODUCTS_DIR; };
		6CD7C3C425F086E00092D30E /* AppDelegate.swift */ = {isa = PBXFileReference; lastKnownFileType = sourcecode.swift; path = AppDelegate.swift; sourceTree = "<group>"; };
		6CD7C3C625F086E00092D30E /* SceneDelegate.swift */ = {isa = PBXFileReference; lastKnownFileType = sourcecode.swift; path = SceneDelegate.swift; sourceTree = "<group>"; };
		6CD7C3CB25F086E00092D30E /* Base */ = {isa = PBXFileReference; lastKnownFileType = file.storyboard; name = Base; path = Base.lproj/Main.storyboard; sourceTree = "<group>"; };
		6CD7C3CD25F086E60092D30E /* Assets.xcassets */ = {isa = PBXFileReference; lastKnownFileType = folder.assetcatalog; path = Assets.xcassets; sourceTree = "<group>"; };
		6CD7C3D025F086E60092D30E /* Base */ = {isa = PBXFileReference; lastKnownFileType = file.storyboard; name = Base; path = Base.lproj/LaunchScreen.storyboard; sourceTree = "<group>"; };
		6CD7C3D225F086E60092D30E /* Info.plist */ = {isa = PBXFileReference; lastKnownFileType = text.plist.xml; path = Info.plist; sourceTree = "<group>"; };
		6CF2E64D25F08B2A000FE084 /* TabsView.swift */ = {isa = PBXFileReference; lastKnownFileType = sourcecode.swift; path = TabsView.swift; sourceTree = "<group>"; };
		6CF2E65025F09161000FE084 /* TabCell.swift */ = {isa = PBXFileReference; lastKnownFileType = sourcecode.swift; path = TabCell.swift; sourceTree = "<group>"; };
		6CF2E65325F0A75F000FE084 /* TabsPageViewController.swift */ = {isa = PBXFileReference; lastKnownFileType = sourcecode.swift; path = TabsPageViewController.swift; sourceTree = "<group>"; };
		6CF2E65725F0A992000FE084 /* RecommendVC.swift */ = {isa = PBXFileReference; lastKnownFileType = sourcecode.swift; path = RecommendVC.swift; sourceTree = "<group>"; };
		6CF2E65A25F0AA2C000FE084 /* PopularVC.swift */ = {isa = PBXFileReference; lastKnownFileType = sourcecode.swift; path = PopularVC.swift; sourceTree = "<group>"; };
		6CF2E65E25F0AA45000FE084 /* KoreanEnglishMathVC.swift */ = {isa = PBXFileReference; lastKnownFileType = sourcecode.swift; path = KoreanEnglishMathVC.swift; sourceTree = "<group>"; };
		6CF2E66125F0AA53000FE084 /* ScienceVC.swift */ = {isa = PBXFileReference; lastKnownFileType = sourcecode.swift; path = ScienceVC.swift; sourceTree = "<group>"; };
		6CF2E66425F0AA8E000FE084 /* SocialStudiesVC.swift */ = {isa = PBXFileReference; lastKnownFileType = sourcecode.swift; path = SocialStudiesVC.swift; sourceTree = "<group>"; };
		6CF2E66725F0AAB7000FE084 /* OtherSubjectsVC.swift */ = {isa = PBXFileReference; lastKnownFileType = sourcecode.swift; path = OtherSubjectsVC.swift; sourceTree = "<group>"; };
		6CF2E66B25F0AB9B000FE084 /* HomeVC.swift */ = {isa = PBXFileReference; lastKnownFileType = sourcecode.swift; path = HomeVC.swift; sourceTree = "<group>"; };
		6CF2E67025F0C449000FE084 /* ProgressLearningVC.swift */ = {isa = PBXFileReference; lastKnownFileType = sourcecode.swift; path = ProgressLearningVC.swift; sourceTree = "<group>"; };
		6CF2E67725F0C498000FE084 /* SearchVC.swift */ = {isa = PBXFileReference; lastKnownFileType = sourcecode.swift; path = SearchVC.swift; sourceTree = "<group>"; };
		6CF2E67A25F0C4CF000FE084 /* ExpertConsultationVC.swift */ = {isa = PBXFileReference; lastKnownFileType = sourcecode.swift; path = ExpertConsultationVC.swift; sourceTree = "<group>"; };
		6CF2E67D25F0C59A000FE084 /* LectureByInstructorVC.swift */ = {isa = PBXFileReference; lastKnownFileType = sourcecode.swift; path = LectureByInstructorVC.swift; sourceTree = "<group>"; };
		6CF2E68625F21E2C000FE084 /* PopularCVCell.swift */ = {isa = PBXFileReference; lastKnownFileType = sourcecode.swift; path = PopularCVCell.swift; sourceTree = "<group>"; };
		6CF2E69025F227AD000FE084 /* PopularTitleCVCell.swift */ = {isa = PBXFileReference; lastKnownFileType = sourcecode.swift; path = PopularTitleCVCell.swift; sourceTree = "<group>"; };
		9925BCA8E66A53077BDDC5D1 /* Pods-gongmanse.release.xcconfig */ = {isa = PBXFileReference; includeInIndex = 1; lastKnownFileType = text.xcconfig; name = "Pods-gongmanse.release.xcconfig"; path = "Target Support Files/Pods-gongmanse/Pods-gongmanse.release.xcconfig"; sourceTree = "<group>"; };
		C76B166D1A38127929F36FC3 /* Pods_gongmanse.framework */ = {isa = PBXFileReference; explicitFileType = wrapper.framework; includeInIndex = 0; path = Pods_gongmanse.framework; sourceTree = BUILT_PRODUCTS_DIR; };
		D7FF0C8568A9B356F0E8F237 /* Pods-gongmanse.debug.xcconfig */ = {isa = PBXFileReference; includeInIndex = 1; lastKnownFileType = text.xcconfig; name = "Pods-gongmanse.debug.xcconfig"; path = "Target Support Files/Pods-gongmanse/Pods-gongmanse.debug.xcconfig"; sourceTree = "<group>"; };
/* End PBXFileReference section */

/* Begin PBXFrameworksBuildPhase section */
		6CD7C3BE25F086E00092D30E /* Frameworks */ = {
			isa = PBXFrameworksBuildPhase;
			buildActionMask = 2147483647;
			files = (
				8D28CD261F65FD3CEF6AE324 /* Pods_gongmanse.framework in Frameworks */,
			);
			runOnlyForDeploymentPostprocessing = 0;
		};
/* End PBXFrameworksBuildPhase section */

/* Begin PBXGroup section */
		24DED3C6B664DB4FE8D84479 /* Pods */ = {
			isa = PBXGroup;
			children = (
				D7FF0C8568A9B356F0E8F237 /* Pods-gongmanse.debug.xcconfig */,
				9925BCA8E66A53077BDDC5D1 /* Pods-gongmanse.release.xcconfig */,
			);
			path = Pods;
			sourceTree = "<group>";
		};
		25799CEE25F99A5100A0BC90 /* Font */ = {
			isa = PBXGroup;
			children = (
				25799CF025F99A6300A0BC90 /* NanumSquareRoundB.ttf */,
				25799CF225F99A6300A0BC90 /* NanumSquareRoundEB.ttf */,
				25799CEF25F99A6200A0BC90 /* NanumSquareRoundL.ttf */,
				25799CF125F99A6300A0BC90 /* NanumSquareRoundR.ttf */,
				25799D1725F9DCD900A0BC90 /* CustonFont.swift */,
			);
			path = Font;
			sourceTree = "<group>";
		};
		25799CF925F99D2200A0BC90 /* SearchBottomPopup */ = {
			isa = PBXGroup;
			children = (
				25799CFA25F99D6300A0BC90 /* SearchGradeBottomPopupCell.swift */,
				25799CFB25F99D6300A0BC90 /* SearchGradeBottomPopupCell.xib */,
			);
			path = SearchBottomPopup;
			sourceTree = "<group>";
		};
		25799D0B25F9CBE300A0BC90 /* SearchConsultCell */ = {
			isa = PBXGroup;
			children = (
				25799D0C25F9CC0B00A0BC90 /* SearchConsultCell.swift */,
				25799D0D25F9CC0B00A0BC90 /* SearchConsultCell.xib */,
			);
			path = SearchConsultCell;
			sourceTree = "<group>";
		};
		25799D1A25F9ECA400A0BC90 /* SearchNoteCell */ = {
			isa = PBXGroup;
			children = (
				25799D1B25F9ECC100A0BC90 /* SearchNoteCell.swift */,
				25799D1C25F9ECC100A0BC90 /* SearchNoteCell.xib */,
			);
			path = SearchNoteCell;
			sourceTree = "<group>";
		};
		25799D2125F9F8BD00A0BC90 /* SearchModel */ = {
			isa = PBXGroup;
			children = (
				25799D2225F9F8CC00A0BC90 /* Search.swift */,
			);
			path = SearchModel;
			sourceTree = "<group>";
		};
		25799D2525FA151D00A0BC90 /* SearchAfter */ = {
			isa = PBXGroup;
			children = (
				25799D2625FA152F00A0BC90 /* SearchVideoViewModel.swift */,
			);
			path = SearchAfter;
			sourceTree = "<group>";
		};
		25B9B3D825FB37D3006E1985 /* SearchBefore */ = {
			isa = PBXGroup;
			children = (
				25BA824025F85D1A007D1691 /* PopularKeyword */,
				25BA824D25F86953007D1691 /* RecentKeyword */,
			);
			path = SearchBefore;
			sourceTree = "<group>";
		};
		25B9B3D925FB37E9006E1985 /* SearchAfter */ = {
			isa = PBXGroup;
			children = (
				25799D1A25F9ECA400A0BC90 /* SearchNoteCell */,
				25799D0B25F9CBE300A0BC90 /* SearchConsultCell */,
				25BA827225F89EBC007D1691 /* SearchVideoCell */,
			);
			path = SearchAfter;
			sourceTree = "<group>";
		};
		25BA823025F84687007D1691 /* SearchTabMenuPager */ = {
			isa = PBXGroup;
			children = (
				25FA2A7926003AD000EA78C3 /* Search_README.md */,
				25BA823125F846CE007D1691 /* Search_before */,
				25BA823225F846DB007D1691 /* Search_after */,
			);
			path = SearchTabMenuPager;
			sourceTree = "<group>";
		};
		25BA823125F846CE007D1691 /* Search_before */ = {
			isa = PBXGroup;
			children = (
				25BA823425F8524F007D1691 /* PopularKeywordVC.swift */,
				25BA823525F8524F007D1691 /* PopularKeywordVC.xib */,
				25BA823925F85261007D1691 /* RecentKeywordVC.swift */,
				25BA823A25F85261007D1691 /* RecentKeywordVC.xib */,
			);
			path = Search_before;
			sourceTree = "<group>";
		};
		25BA823225F846DB007D1691 /* Search_after */ = {
			isa = PBXGroup;
			children = (
				25799D0025F9BBFD00A0BC90 /* SearchAfterVC.swift */,
				25799D0125F9BBFD00A0BC90 /* SearchAfterVC.xib */,
				25BA825D25F89556007D1691 /* Search_Video */,
				25BA825C25F89554007D1691 /* Search_Consult */,
				25BA825B25F89552007D1691 /* Search_Note */,
			);
			path = Search_after;
			sourceTree = "<group>";
		};
		25BA823F25F85D0D007D1691 /* Search */ = {
			isa = PBXGroup;
			children = (
				25B9B3D825FB37D3006E1985 /* SearchBefore */,
				25B9B3D925FB37E9006E1985 /* SearchAfter */,
				25799CF925F99D2200A0BC90 /* SearchBottomPopup */,
			);
			path = Search;
			sourceTree = "<group>";
		};
		25BA824025F85D1A007D1691 /* PopularKeyword */ = {
			isa = PBXGroup;
			children = (
				25BA824225F85D90007D1691 /* PopularKeywordCell.swift */,
				25BA824325F85D90007D1691 /* PopularKeywordCell.xib */,
			);
			path = PopularKeyword;
			sourceTree = "<group>";
		};
		25BA824D25F86953007D1691 /* RecentKeyword */ = {
			isa = PBXGroup;
			children = (
				25BA824E25F86966007D1691 /* RecentKeywordCell.swift */,
				25BA824F25F86966007D1691 /* RecentKeywordCell.xib */,
			);
			path = RecentKeyword;
			sourceTree = "<group>";
		};
		25BA825525F87617007D1691 /* SearchTabMenu */ = {
			isa = PBXGroup;
			children = (
				25BA825625F87635007D1691 /* RecentKeywordViewModel.swift */,
			);
			path = SearchTabMenu;
			sourceTree = "<group>";
		};
		25BA825B25F89552007D1691 /* Search_Note */ = {
			isa = PBXGroup;
			children = (
				25BA826725F895BF007D1691 /* SearchNoteVC.swift */,
				25BA826825F895BF007D1691 /* SearchNoteVC.xib */,
			);
			path = Search_Note;
			sourceTree = "<group>";
		};
		25BA825C25F89554007D1691 /* Search_Consult */ = {
			isa = PBXGroup;
			children = (
				25BA826D25F895E0007D1691 /* SearchConsultVC.swift */,
				25BA826E25F895E0007D1691 /* SearchConsultVC.xib */,
			);
			path = Search_Consult;
			sourceTree = "<group>";
		};
		25BA825D25F89556007D1691 /* Search_Video */ = {
			isa = PBXGroup;
			children = (
				25BA825E25F895A2007D1691 /* SearchVideoVC.swift */,
				25BA825F25F895A2007D1691 /* SearchVideoVC.xib */,
			);
			path = Search_Video;
			sourceTree = "<group>";
		};
		25BA827225F89EBC007D1691 /* SearchVideoCell */ = {
			isa = PBXGroup;
			children = (
				25BA827325F89EDC007D1691 /* SearchVideoCell.swift */,
				25BA827425F89EDC007D1691 /* SearchVideoCell.xib */,
			);
			path = SearchVideoCell;
			sourceTree = "<group>";
		};
		25BA827925F8ACED007D1691 /* Common */ = {
			isa = PBXGroup;
			children = (
			);
			path = Common;
			sourceTree = "<group>";
		};
		25C17ED725F7450D00831E8A /* Progress_Detail */ = {
			isa = PBXGroup;
			children = (
				25C17EE325F7509700831E8A /* ProgressDetailVC.swift */,
				25C17EE425F7509700831E8A /* ProgressDetailVC.xib */,
			);
			path = Progress_Detail;
			sourceTree = "<group>";
		};
		25C17EE925F7632500831E8A /* Extensions */ = {
			isa = PBXGroup;
			children = (
				25C17EEA25F7632E00831E8A /* UIColor.swift */,
				25BA828B25F8B154007D1691 /* ConstraintMethod.swift */,
				25B9B3D025FAFBC8006E1985 /* UIViewController.swift */,
				251D28AC2601901700BB607D /* UIImage.swift */,
				251D28DF26019EB600BB607D /* UIView.swift */,
			);
			path = Extensions;
			sourceTree = "<group>";
		};
		25CC753925F5F918004AAB5B /* ProgressTabMenuPager */ = {
			isa = PBXGroup;
			children = (
				25CC753D25F5F95F004AAB5B /* Progress_Main */,
				25CC753C25F5F95D004AAB5B /* Progress_Science */,
				25CC753B25F5F95C004AAB5B /* Progress_Social */,
				25CC753A25F5F959004AAB5B /* Progress_Others */,
			);
			path = ProgressTabMenuPager;
			sourceTree = "<group>";
		};
		25CC753A25F5F959004AAB5B /* Progress_Others */ = {
			isa = PBXGroup;
			children = (
				25CC755125F5FA65004AAB5B /* ProgressOthers.swift */,
				25CC755225F5FA65004AAB5B /* ProgressOthers.xib */,
			);
			path = Progress_Others;
			sourceTree = "<group>";
		};
		25CC753B25F5F95C004AAB5B /* Progress_Social */ = {
			isa = PBXGroup;
			children = (
				25CC754C25F5FA55004AAB5B /* ProgressSocialVC.swift */,
				25CC754D25F5FA55004AAB5B /* ProgressSocialVC.xib */,
			);
			path = Progress_Social;
			sourceTree = "<group>";
		};
		25CC753C25F5F95D004AAB5B /* Progress_Science */ = {
			isa = PBXGroup;
			children = (
				25CC754725F5FA41004AAB5B /* ProgressScienceVC.swift */,
				25CC754825F5FA41004AAB5B /* ProgressScienceVC.xib */,
			);
			path = Progress_Science;
			sourceTree = "<group>";
		};
		25CC753D25F5F95F004AAB5B /* Progress_Main */ = {
			isa = PBXGroup;
			children = (
				25C17ED725F7450D00831E8A /* Progress_Detail */,
				25CC756625F604B9004AAB5B /* ProgressMainVC.swift */,
				25CC756725F604B9004AAB5B /* ProgressMainVC.xib */,
				25CC756E25F60A77004AAB5B /* PopupController */,
			);
			path = Progress_Main;
			sourceTree = "<group>";
		};
		25CC753F25F5F9DF004AAB5B /* Views */ = {
			isa = PBXGroup;
			children = (
				25FA2AA72600610400EA78C3 /* LectureByInstructor */,
				25BA827925F8ACED007D1691 /* Common */,
				25CC754025F5F9EC004AAB5B /* ProgressLearning */,
				25BA823F25F85D0D007D1691 /* Search */,
			);
			path = Views;
			sourceTree = "<group>";
		};
		25CC754025F5F9EC004AAB5B /* ProgressLearning */ = {
			isa = PBXGroup;
			children = (
				25ECCFA425F6F6CD00E59B5F /* EmptyStateView */,
				25CC756D25F60A47004AAB5B /* BottomPopup */,
				25CC755625F5FAF0004AAB5B /* ProgressMainCell.swift */,
				25CC755725F5FAF0004AAB5B /* ProgressMainCell.xib */,
				25C17EDE25F7459200831E8A /* ProgressDetailCell.swift */,
				25C17EDF25F7459200831E8A /* ProgressDetailCell.xib */,
			);
			path = ProgressLearning;
			sourceTree = "<group>";
		};
		25CC756D25F60A47004AAB5B /* BottomPopup */ = {
			isa = PBXGroup;
			children = (
				25CC757925F60DA4004AAB5B /* ProgressPopupCell.swift */,
				25CC757A25F60DA4004AAB5B /* ProgressPopupCell.xib */,
			);
			path = BottomPopup;
			sourceTree = "<group>";
		};
		25CC756E25F60A77004AAB5B /* PopupController */ = {
			isa = PBXGroup;
			children = (
				25CC757425F60B1F004AAB5B /* ProgressPopupVC.swift */,
				25CC757525F60B1F004AAB5B /* ProgressPopupVC.xib */,
			);
			path = PopupController;
			sourceTree = "<group>";
		};
		25CC757E25F6204B004AAB5B /* ViewModel */ = {
			isa = PBXGroup;
			children = (
				25799D2525FA151D00A0BC90 /* SearchAfter */,
				25BA825525F87617007D1691 /* SearchTabMenu */,
				25CC757F25F62057004AAB5B /* ProgressViewModel */,
			);
			path = ViewModel;
			sourceTree = "<group>";
		};
		25CC757F25F62057004AAB5B /* ProgressViewModel */ = {
			isa = PBXGroup;
			children = (
				25CC758025F6209D004AAB5B /* ProgressPopupViewModel.swift */,
			);
			path = ProgressViewModel;
			sourceTree = "<group>";
		};
		25CC758325F620DF004AAB5B /* Model */ = {
			isa = PBXGroup;
			children = (
				25799D2125F9F8BD00A0BC90 /* SearchModel */,
				25CC758425F620E2004AAB5B /* ProgressModel */,
			);
			path = Model;
			sourceTree = "<group>";
		};
		25CC758425F620E2004AAB5B /* ProgressModel */ = {
			isa = PBXGroup;
			children = (
				25CC758525F620F3004AAB5B /* ProgressPopupModel.swift */,
			);
			path = ProgressModel;
			sourceTree = "<group>";
		};
		25ECCFA425F6F6CD00E59B5F /* EmptyStateView */ = {
			isa = PBXGroup;
			children = (
				25ECCFA625F6F6EE00E59B5F /* EmptyStateViewCell.swift */,
				25ECCFA725F6F6EE00E59B5F /* EmptyStateViewCell.xib */,
			);
			path = EmptyStateView;
			sourceTree = "<group>";
		};
		25FA2A7D26005B9100EA78C3 /* LectureTabMenuPager */ = {
			isa = PBXGroup;
			children = (
				25FA2AA526005E3700EA78C3 /* LectureTabREADME.md */,
				25FA2A7E26005BE300EA78C3 /* PlayList */,
				25FA2A8C26005D5800EA78C3 /* ElementaryVC.swift */,
				25FA2A8D26005D5800EA78C3 /* ElementaryVC.xib */,
				25FA2A9126005D7000EA78C3 /* MiddleSchoolVC.swift */,
				25FA2A9226005D7000EA78C3 /* MiddleSchoolVC.xib */,
				25FA2A9626005D7E00EA78C3 /* HighSchoolVC.swift */,
				25FA2A9726005D7E00EA78C3 /* HighSchoolVC.xib */,
			);
			path = LectureTabMenuPager;
			sourceTree = "<group>";
		};
		25FA2A7E26005BE300EA78C3 /* PlayList */ = {
			isa = PBXGroup;
			children = (
				25FA2A9B26005DE400EA78C3 /* TeacherPlaylistVC.swift */,
				25FA2A9C26005DE400EA78C3 /* TeacherPlaylistVC.xib */,
				25FA2A7F26005C0500EA78C3 /* lectureList */,
			);
			path = PlayList;
			sourceTree = "<group>";
		};
		25FA2A7F26005C0500EA78C3 /* lectureList */ = {
			isa = PBXGroup;
			children = (
				25FA2AA026005DFD00EA78C3 /* LecturePlaylistVC.swift */,
				25FA2AA126005DFD00EA78C3 /* LecturePlaylistVC.xib */,
			);
			path = lectureList;
			sourceTree = "<group>";
		};
		25FA2AA72600610400EA78C3 /* LectureByInstructor */ = {
			isa = PBXGroup;
			children = (
				25FA2AAC2600620100EA78C3 /* CurriculumCell.swift */,
				25FA2AAD2600620100EA78C3 /* CurriculumCell.xib */,
				25FA2AA82600611500EA78C3 /* Teacher's playlist */,
				25FA2AAB2600615B00EA78C3 /* Lecture's List */,
			);
			path = LectureByInstructor;
			sourceTree = "<group>";
		};
		25FA2AA82600611500EA78C3 /* Teacher's playlist */ = {
			isa = PBXGroup;
			children = (
				25FA2AB12600624F00EA78C3 /* TeacherPlaylistCell.swift */,
				25FA2AB22600624F00EA78C3 /* TeacherPlaylistCell.xib */,
			);
			path = "Teacher's playlist";
			sourceTree = "<group>";
		};
		25FA2AAB2600615B00EA78C3 /* Lecture's List */ = {
			isa = PBXGroup;
			children = (
				25FA2AB62600625D00EA78C3 /* LectureCell.swift */,
				25FA2AB72600625D00EA78C3 /* LectureCell.xib */,
			);
			path = "Lecture's List";
			sourceTree = "<group>";
		};
		6CD7C3B825F086DF0092D30E = {
			isa = PBXGroup;
			children = (
				6CD7C3C325F086E00092D30E /* gongmanse */,
				6CD7C3C225F086E00092D30E /* Products */,
				24DED3C6B664DB4FE8D84479 /* Pods */,
				E3D6D4DF968EFEE5CE504EFB /* Frameworks */,
			);
			sourceTree = "<group>";
		};
		6CD7C3C225F086E00092D30E /* Products */ = {
			isa = PBXGroup;
			children = (
				6CD7C3C125F086E00092D30E /* gongmanse.app */,
			);
			name = Products;
			sourceTree = "<group>";
		};
		6CD7C3C325F086E00092D30E /* gongmanse */ = {
			isa = PBXGroup;
			children = (
				25799CEE25F99A5100A0BC90 /* Font */,
				25C17EE925F7632500831E8A /* Extensions */,
				25CC758325F620DF004AAB5B /* Model */,
				25CC757E25F6204B004AAB5B /* ViewModel */,
				25CC753F25F5F9DF004AAB5B /* Views */,
				6CF2E68325F0DA08000FE084 /* TabsView */,
				6CF2E68025F0D956000FE084 /* Controller */,
				6CD7C3C425F086E00092D30E /* AppDelegate.swift */,
				6CD7C3C625F086E00092D30E /* SceneDelegate.swift */,
				6CD7C3CA25F086E00092D30E /* Main.storyboard */,
				6CD7C3CD25F086E60092D30E /* Assets.xcassets */,
				6CD7C3CF25F086E60092D30E /* LaunchScreen.storyboard */,
				6CD7C3D225F086E60092D30E /* Info.plist */,
			);
			path = gongmanse;
			sourceTree = "<group>";
		};
		6CF2E65625F0A857000FE084 /* HomeTabMenuPager */ = {
			isa = PBXGroup;
			children = (
				6CF2E68E25F21F20000FE084 /* OtherSubjects */,
				6CF2E68A25F21EA6000FE084 /* Recommend */,
				6CF2E68925F21E96000FE084 /* Popular */,
				6CF2E68D25F21EFA000FE084 /* SocialStudies */,
				6CF2E68B25F21EB2000FE084 /* KoreanEnglishMath */,
				6CF2E68C25F21ED7000FE084 /* Science */,
			);
			path = HomeTabMenuPager;
			sourceTree = "<group>";
		};
		6CF2E68025F0D956000FE084 /* Controller */ = {
			isa = PBXGroup;
			children = (
				6CF2E68125F0D99B000FE084 /* HomeTabController */,
				6CF2E65625F0A857000FE084 /* HomeTabMenuPager */,
				25CC753925F5F918004AAB5B /* ProgressTabMenuPager */,
				25BA823025F84687007D1691 /* SearchTabMenuPager */,
				25FA2A7D26005B9100EA78C3 /* LectureTabMenuPager */,
			);
			path = Controller;
			sourceTree = "<group>";
		};
		6CF2E68125F0D99B000FE084 /* HomeTabController */ = {
			isa = PBXGroup;
			children = (
				6CF2E66B25F0AB9B000FE084 /* HomeVC.swift */,
				6CF2E67025F0C449000FE084 /* ProgressLearningVC.swift */,
				6CF2E67725F0C498000FE084 /* SearchVC.swift */,
				6CF2E67A25F0C4CF000FE084 /* ExpertConsultationVC.swift */,
				6CF2E67D25F0C59A000FE084 /* LectureByInstructorVC.swift */,
			);
			path = HomeTabController;
			sourceTree = "<group>";
		};
		6CF2E68325F0DA08000FE084 /* TabsView */ = {
			isa = PBXGroup;
			children = (
				6CF2E64D25F08B2A000FE084 /* TabsView.swift */,
				6CF2E65025F09161000FE084 /* TabCell.swift */,
				6CF2E65325F0A75F000FE084 /* TabsPageViewController.swift */,
			);
			path = TabsView;
			sourceTree = "<group>";
		};
		6CF2E68925F21E96000FE084 /* Popular */ = {
			isa = PBXGroup;
			children = (
				6CF2E65A25F0AA2C000FE084 /* PopularVC.swift */,
				6CF2E68625F21E2C000FE084 /* PopularCVCell.swift */,
				6CF2E69025F227AD000FE084 /* PopularTitleCVCell.swift */,
			);
			path = Popular;
			sourceTree = "<group>";
		};
		6CF2E68A25F21EA6000FE084 /* Recommend */ = {
			isa = PBXGroup;
			children = (
				6CF2E65725F0A992000FE084 /* RecommendVC.swift */,
			);
			path = Recommend;
			sourceTree = "<group>";
		};
		6CF2E68B25F21EB2000FE084 /* KoreanEnglishMath */ = {
			isa = PBXGroup;
			children = (
				6CF2E65E25F0AA45000FE084 /* KoreanEnglishMathVC.swift */,
				6C47138525F5D3E100D68A2B /* KoreanEnglishMathCVCell.swift */,
				6C47138225F5D3CC00D68A2B /* KoreanEnglishMathTitleCVCell.swift */,
			);
			path = KoreanEnglishMath;
			sourceTree = "<group>";
		};
		6CF2E68C25F21ED7000FE084 /* Science */ = {
			isa = PBXGroup;
			children = (
				6CF2E66125F0AA53000FE084 /* ScienceVC.swift */,
			);
			path = Science;
			sourceTree = "<group>";
		};
		6CF2E68D25F21EFA000FE084 /* SocialStudies */ = {
			isa = PBXGroup;
			children = (
				6CF2E66425F0AA8E000FE084 /* SocialStudiesVC.swift */,
			);
			path = SocialStudies;
			sourceTree = "<group>";
		};
		6CF2E68E25F21F20000FE084 /* OtherSubjects */ = {
			isa = PBXGroup;
			children = (
				6CF2E66725F0AAB7000FE084 /* OtherSubjectsVC.swift */,
			);
			path = OtherSubjects;
			sourceTree = "<group>";
		};
		E3D6D4DF968EFEE5CE504EFB /* Frameworks */ = {
			isa = PBXGroup;
			children = (
				C76B166D1A38127929F36FC3 /* Pods_gongmanse.framework */,
			);
			name = Frameworks;
			sourceTree = "<group>";
		};
/* End PBXGroup section */

/* Begin PBXNativeTarget section */
		6CD7C3C025F086E00092D30E /* gongmanse */ = {
			isa = PBXNativeTarget;
			buildConfigurationList = 6CD7C3D525F086E60092D30E /* Build configuration list for PBXNativeTarget "gongmanse" */;
			buildPhases = (
				0575A011CFD89051478209E7 /* [CP] Check Pods Manifest.lock */,
				6CD7C3BD25F086E00092D30E /* Sources */,
				6CD7C3BE25F086E00092D30E /* Frameworks */,
				6CD7C3BF25F086E00092D30E /* Resources */,
				6B2E31661971247D81196147 /* [CP] Embed Pods Frameworks */,
			);
			buildRules = (
			);
			dependencies = (
			);
			name = gongmanse;
			productName = gongmanse;
			productReference = 6CD7C3C125F086E00092D30E /* gongmanse.app */;
			productType = "com.apple.product-type.application";
		};
/* End PBXNativeTarget section */

/* Begin PBXProject section */
		6CD7C3B925F086DF0092D30E /* Project object */ = {
			isa = PBXProject;
			attributes = {
				LastSwiftUpdateCheck = 1220;
				LastUpgradeCheck = 1220;
				TargetAttributes = {
					6CD7C3C025F086E00092D30E = {
						CreatedOnToolsVersion = 12.2;
					};
				};
			};
			buildConfigurationList = 6CD7C3BC25F086E00092D30E /* Build configuration list for PBXProject "gongmanse" */;
			compatibilityVersion = "Xcode 9.3";
			developmentRegion = en;
			hasScannedForEncodings = 0;
			knownRegions = (
				en,
				Base,
			);
			mainGroup = 6CD7C3B825F086DF0092D30E;
			productRefGroup = 6CD7C3C225F086E00092D30E /* Products */;
			projectDirPath = "";
			projectRoot = "";
			targets = (
				6CD7C3C025F086E00092D30E /* gongmanse */,
			);
		};
/* End PBXProject section */

/* Begin PBXResourcesBuildPhase section */
		6CD7C3BF25F086E00092D30E /* Resources */ = {
			isa = PBXResourcesBuildPhase;
			buildActionMask = 2147483647;
			files = (
				25799CF425F99A6300A0BC90 /* NanumSquareRoundB.ttf in Resources */,
				25FA2AAF2600620100EA78C3 /* CurriculumCell.xib in Resources */,
				25C17EE625F7509700831E8A /* ProgressDetailVC.xib in Resources */,
				25FA2A9926005D7E00EA78C3 /* HighSchoolVC.xib in Resources */,
				25BA825125F86966007D1691 /* RecentKeywordCell.xib in Resources */,
				25BA827625F89EDC007D1691 /* SearchVideoCell.xib in Resources */,
				25FA2A8F26005D5800EA78C3 /* ElementaryVC.xib in Resources */,
				25CC755425F5FA65004AAB5B /* ProgressOthers.xib in Resources */,
				25799CF625F99A6300A0BC90 /* NanumSquareRoundEB.ttf in Resources */,
				25CC757C25F60DA4004AAB5B /* ProgressPopupCell.xib in Resources */,
				25FA2AB42600624F00EA78C3 /* TeacherPlaylistCell.xib in Resources */,
				25799CFD25F99D6300A0BC90 /* SearchGradeBottomPopupCell.xib in Resources */,
				25799CF325F99A6300A0BC90 /* NanumSquareRoundL.ttf in Resources */,
				25C17EE125F7459200831E8A /* ProgressDetailCell.xib in Resources */,
				25BA823C25F85261007D1691 /* RecentKeywordVC.xib in Resources */,
				25CC755925F5FAF0004AAB5B /* ProgressMainCell.xib in Resources */,
				25799D0325F9BBFD00A0BC90 /* SearchAfterVC.xib in Resources */,
				6CD7C3D125F086E60092D30E /* LaunchScreen.storyboard in Resources */,
				25799CF525F99A6300A0BC90 /* NanumSquareRoundR.ttf in Resources */,
				6CD7C3CE25F086E60092D30E /* Assets.xcassets in Resources */,
				25CC757725F60B1F004AAB5B /* ProgressPopupVC.xib in Resources */,
				25BA823725F8524F007D1691 /* PopularKeywordVC.xib in Resources */,
				25BA827025F895E0007D1691 /* SearchConsultVC.xib in Resources */,
				25CC754F25F5FA55004AAB5B /* ProgressSocialVC.xib in Resources */,
				25799D0F25F9CC0B00A0BC90 /* SearchConsultCell.xib in Resources */,
				25799D1E25F9ECC100A0BC90 /* SearchNoteCell.xib in Resources */,
				6CD7C3CC25F086E00092D30E /* Main.storyboard in Resources */,
				25CC756925F604B9004AAB5B /* ProgressMainVC.xib in Resources */,
				25CC754A25F5FA41004AAB5B /* ProgressScienceVC.xib in Resources */,
				25ECCFA925F6F6EE00E59B5F /* EmptyStateViewCell.xib in Resources */,
				25BA826125F895A2007D1691 /* SearchVideoVC.xib in Resources */,
				25FA2A9426005D7000EA78C3 /* MiddleSchoolVC.xib in Resources */,
				25BA824525F85D90007D1691 /* PopularKeywordCell.xib in Resources */,
				25FA2AA326005DFD00EA78C3 /* LecturePlaylistVC.xib in Resources */,
				25FA2AB92600625D00EA78C3 /* LectureCell.xib in Resources */,
				25BA826A25F895BF007D1691 /* SearchNoteVC.xib in Resources */,
				25FA2A9E26005DE400EA78C3 /* TeacherPlaylistVC.xib in Resources */,
			);
			runOnlyForDeploymentPostprocessing = 0;
		};
/* End PBXResourcesBuildPhase section */

/* Begin PBXShellScriptBuildPhase section */
		0575A011CFD89051478209E7 /* [CP] Check Pods Manifest.lock */ = {
			isa = PBXShellScriptBuildPhase;
			buildActionMask = 2147483647;
			files = (
			);
			inputFileListPaths = (
			);
			inputPaths = (
				"${PODS_PODFILE_DIR_PATH}/Podfile.lock",
				"${PODS_ROOT}/Manifest.lock",
			);
			name = "[CP] Check Pods Manifest.lock";
			outputFileListPaths = (
			);
			outputPaths = (
				"$(DERIVED_FILE_DIR)/Pods-gongmanse-checkManifestLockResult.txt",
			);
			runOnlyForDeploymentPostprocessing = 0;
			shellPath = /bin/sh;
			shellScript = "diff \"${PODS_PODFILE_DIR_PATH}/Podfile.lock\" \"${PODS_ROOT}/Manifest.lock\" > /dev/null\nif [ $? != 0 ] ; then\n    # print error to STDERR\n    echo \"error: The sandbox is not in sync with the Podfile.lock. Run 'pod install' or update your CocoaPods installation.\" >&2\n    exit 1\nfi\n# This output is used by Xcode 'outputs' to avoid re-running this script phase.\necho \"SUCCESS\" > \"${SCRIPT_OUTPUT_FILE_0}\"\n";
			showEnvVarsInLog = 0;
		};
		6B2E31661971247D81196147 /* [CP] Embed Pods Frameworks */ = {
			isa = PBXShellScriptBuildPhase;
			buildActionMask = 2147483647;
			files = (
			);
			inputFileListPaths = (
				"${PODS_ROOT}/Target Support Files/Pods-gongmanse/Pods-gongmanse-frameworks-${CONFIGURATION}-input-files.xcfilelist",
			);
			name = "[CP] Embed Pods Frameworks";
			outputFileListPaths = (
				"${PODS_ROOT}/Target Support Files/Pods-gongmanse/Pods-gongmanse-frameworks-${CONFIGURATION}-output-files.xcfilelist",
			);
			runOnlyForDeploymentPostprocessing = 0;
			shellPath = /bin/sh;
			shellScript = "\"${PODS_ROOT}/Target Support Files/Pods-gongmanse/Pods-gongmanse-frameworks.sh\"\n";
			showEnvVarsInLog = 0;
		};
/* End PBXShellScriptBuildPhase section */

/* Begin PBXSourcesBuildPhase section */
		6CD7C3BD25F086E00092D30E /* Sources */ = {
			isa = PBXSourcesBuildPhase;
			buildActionMask = 2147483647;
			files = (
				6CF2E66525F0AA8E000FE084 /* SocialStudiesVC.swift in Sources */,
				6CF2E65F25F0AA45000FE084 /* KoreanEnglishMathVC.swift in Sources */,
				25CC754E25F5FA55004AAB5B /* ProgressSocialVC.swift in Sources */,
				25BA828C25F8B154007D1691 /* ConstraintMethod.swift in Sources */,
				6CF2E68725F21E2C000FE084 /* PopularCVCell.swift in Sources */,
				25FA2A8E26005D5800EA78C3 /* ElementaryVC.swift in Sources */,
				25CC757625F60B1F004AAB5B /* ProgressPopupVC.swift in Sources */,
				25BA825725F87635007D1691 /* RecentKeywordViewModel.swift in Sources */,
				25C17EE525F7509700831E8A /* ProgressDetailVC.swift in Sources */,
				6CF2E69125F227AD000FE084 /* PopularTitleCVCell.swift in Sources */,
				25799D2725FA152F00A0BC90 /* SearchVideoViewModel.swift in Sources */,
				25C17EEB25F7632E00831E8A /* UIColor.swift in Sources */,
				6CD7C3C525F086E00092D30E /* AppDelegate.swift in Sources */,
				25CC756825F604B9004AAB5B /* ProgressMainVC.swift in Sources */,
				25CC758125F6209D004AAB5B /* ProgressPopupViewModel.swift in Sources */,
				6CF2E67B25F0C4CF000FE084 /* ExpertConsultationVC.swift in Sources */,
				251D28AD2601901700BB607D /* UIImage.swift in Sources */,
				6CF2E65125F09161000FE084 /* TabCell.swift in Sources */,
				25FA2A9D26005DE400EA78C3 /* TeacherPlaylistVC.swift in Sources */,
				6CF2E67125F0C449000FE084 /* ProgressLearningVC.swift in Sources */,
				25CC755325F5FA65004AAB5B /* ProgressOthers.swift in Sources */,
				25799D0225F9BBFD00A0BC90 /* SearchAfterVC.swift in Sources */,
				25BA825025F86966007D1691 /* RecentKeywordCell.swift in Sources */,
				6CF2E65425F0A75F000FE084 /* TabsPageViewController.swift in Sources */,
				25BA823B25F85261007D1691 /* RecentKeywordVC.swift in Sources */,
				25FA2AB82600625D00EA78C3 /* LectureCell.swift in Sources */,
				6CF2E67825F0C498000FE084 /* SearchVC.swift in Sources */,
				25FA2A9326005D7000EA78C3 /* MiddleSchoolVC.swift in Sources */,
				6CF2E64E25F08B2A000FE084 /* TabsView.swift in Sources */,
				6CD7C3C725F086E00092D30E /* SceneDelegate.swift in Sources */,
				25CC754925F5FA41004AAB5B /* ProgressScienceVC.swift in Sources */,
				25799D0E25F9CC0B00A0BC90 /* SearchConsultCell.swift in Sources */,
				6CF2E65B25F0AA2C000FE084 /* PopularVC.swift in Sources */,
				6CF2E67E25F0C59A000FE084 /* LectureByInstructorVC.swift in Sources */,
				25FA2A9826005D7E00EA78C3 /* HighSchoolVC.swift in Sources */,
				25BA826F25F895E0007D1691 /* SearchConsultVC.swift in Sources */,
				25BA823625F8524F007D1691 /* PopularKeywordVC.swift in Sources */,
				25BA827525F89EDC007D1691 /* SearchVideoCell.swift in Sources */,
				6C47138325F5D3CC00D68A2B /* KoreanEnglishMathTitleCVCell.swift in Sources */,
				6CF2E65825F0A992000FE084 /* RecommendVC.swift in Sources */,
				6CF2E66C25F0AB9B000FE084 /* HomeVC.swift in Sources */,
				25BA824425F85D90007D1691 /* PopularKeywordCell.swift in Sources */,
				25BA826025F895A2007D1691 /* SearchVideoVC.swift in Sources */,
				25CC755825F5FAF0004AAB5B /* ProgressMainCell.swift in Sources */,
				25FA2AB32600624F00EA78C3 /* TeacherPlaylistCell.swift in Sources */,
				6C47138625F5D3E100D68A2B /* KoreanEnglishMathCVCell.swift in Sources */,
				25BA826925F895BF007D1691 /* SearchNoteVC.swift in Sources */,
				6CF2E66825F0AAB7000FE084 /* OtherSubjectsVC.swift in Sources */,
				251D28E026019EB600BB607D /* UIView.swift in Sources */,
				25799CFC25F99D6300A0BC90 /* SearchGradeBottomPopupCell.swift in Sources */,
				25C17EE025F7459200831E8A /* ProgressDetailCell.swift in Sources */,
				25799D1D25F9ECC100A0BC90 /* SearchNoteCell.swift in Sources */,
				25ECCFA825F6F6EE00E59B5F /* EmptyStateViewCell.swift in Sources */,
				25B9B3D125FAFBC8006E1985 /* UIViewController.swift in Sources */,
				25FA2AA226005DFD00EA78C3 /* LecturePlaylistVC.swift in Sources */,
				25CC757B25F60DA4004AAB5B /* ProgressPopupCell.swift in Sources */,
				25CC758625F620F3004AAB5B /* ProgressPopupModel.swift in Sources */,
				25FA2AAE2600620100EA78C3 /* CurriculumCell.swift in Sources */,
				25799D2325F9F8CC00A0BC90 /* Search.swift in Sources */,
				25799D1825F9DCD900A0BC90 /* CustonFont.swift in Sources */,
				6CF2E66225F0AA53000FE084 /* ScienceVC.swift in Sources */,
			);
			runOnlyForDeploymentPostprocessing = 0;
		};
/* End PBXSourcesBuildPhase section */

/* Begin PBXVariantGroup section */
		6CD7C3CA25F086E00092D30E /* Main.storyboard */ = {
			isa = PBXVariantGroup;
			children = (
				6CD7C3CB25F086E00092D30E /* Base */,
			);
			name = Main.storyboard;
			sourceTree = "<group>";
		};
		6CD7C3CF25F086E60092D30E /* LaunchScreen.storyboard */ = {
			isa = PBXVariantGroup;
			children = (
				6CD7C3D025F086E60092D30E /* Base */,
			);
			name = LaunchScreen.storyboard;
			sourceTree = "<group>";
		};
/* End PBXVariantGroup section */

/* Begin XCBuildConfiguration section */
		6CD7C3D325F086E60092D30E /* Debug */ = {
			isa = XCBuildConfiguration;
			buildSettings = {
				ALWAYS_SEARCH_USER_PATHS = NO;
				CLANG_ANALYZER_NONNULL = YES;
				CLANG_ANALYZER_NUMBER_OBJECT_CONVERSION = YES_AGGRESSIVE;
				CLANG_CXX_LANGUAGE_STANDARD = "gnu++14";
				CLANG_CXX_LIBRARY = "libc++";
				CLANG_ENABLE_MODULES = YES;
				CLANG_ENABLE_OBJC_ARC = YES;
				CLANG_ENABLE_OBJC_WEAK = YES;
				CLANG_WARN_BLOCK_CAPTURE_AUTORELEASING = YES;
				CLANG_WARN_BOOL_CONVERSION = YES;
				CLANG_WARN_COMMA = YES;
				CLANG_WARN_CONSTANT_CONVERSION = YES;
				CLANG_WARN_DEPRECATED_OBJC_IMPLEMENTATIONS = YES;
				CLANG_WARN_DIRECT_OBJC_ISA_USAGE = YES_ERROR;
				CLANG_WARN_DOCUMENTATION_COMMENTS = YES;
				CLANG_WARN_EMPTY_BODY = YES;
				CLANG_WARN_ENUM_CONVERSION = YES;
				CLANG_WARN_INFINITE_RECURSION = YES;
				CLANG_WARN_INT_CONVERSION = YES;
				CLANG_WARN_NON_LITERAL_NULL_CONVERSION = YES;
				CLANG_WARN_OBJC_IMPLICIT_RETAIN_SELF = YES;
				CLANG_WARN_OBJC_LITERAL_CONVERSION = YES;
				CLANG_WARN_OBJC_ROOT_CLASS = YES_ERROR;
				CLANG_WARN_QUOTED_INCLUDE_IN_FRAMEWORK_HEADER = YES;
				CLANG_WARN_RANGE_LOOP_ANALYSIS = YES;
				CLANG_WARN_STRICT_PROTOTYPES = YES;
				CLANG_WARN_SUSPICIOUS_MOVE = YES;
				CLANG_WARN_UNGUARDED_AVAILABILITY = YES_AGGRESSIVE;
				CLANG_WARN_UNREACHABLE_CODE = YES;
				CLANG_WARN__DUPLICATE_METHOD_MATCH = YES;
				COPY_PHASE_STRIP = NO;
				DEBUG_INFORMATION_FORMAT = dwarf;
				ENABLE_STRICT_OBJC_MSGSEND = YES;
				ENABLE_TESTABILITY = YES;
				GCC_C_LANGUAGE_STANDARD = gnu11;
				GCC_DYNAMIC_NO_PIC = NO;
				GCC_NO_COMMON_BLOCKS = YES;
				GCC_OPTIMIZATION_LEVEL = 0;
				GCC_PREPROCESSOR_DEFINITIONS = (
					"DEBUG=1",
					"$(inherited)",
				);
				GCC_WARN_64_TO_32_BIT_CONVERSION = YES;
				GCC_WARN_ABOUT_RETURN_TYPE = YES_ERROR;
				GCC_WARN_UNDECLARED_SELECTOR = YES;
				GCC_WARN_UNINITIALIZED_AUTOS = YES_AGGRESSIVE;
				GCC_WARN_UNUSED_FUNCTION = YES;
				GCC_WARN_UNUSED_VARIABLE = YES;
				IPHONEOS_DEPLOYMENT_TARGET = 14.2;
				MTL_ENABLE_DEBUG_INFO = INCLUDE_SOURCE;
				MTL_FAST_MATH = YES;
				ONLY_ACTIVE_ARCH = YES;
				SDKROOT = iphoneos;
				SWIFT_ACTIVE_COMPILATION_CONDITIONS = DEBUG;
				SWIFT_OPTIMIZATION_LEVEL = "-Onone";
			};
			name = Debug;
		};
		6CD7C3D425F086E60092D30E /* Release */ = {
			isa = XCBuildConfiguration;
			buildSettings = {
				ALWAYS_SEARCH_USER_PATHS = NO;
				CLANG_ANALYZER_NONNULL = YES;
				CLANG_ANALYZER_NUMBER_OBJECT_CONVERSION = YES_AGGRESSIVE;
				CLANG_CXX_LANGUAGE_STANDARD = "gnu++14";
				CLANG_CXX_LIBRARY = "libc++";
				CLANG_ENABLE_MODULES = YES;
				CLANG_ENABLE_OBJC_ARC = YES;
				CLANG_ENABLE_OBJC_WEAK = YES;
				CLANG_WARN_BLOCK_CAPTURE_AUTORELEASING = YES;
				CLANG_WARN_BOOL_CONVERSION = YES;
				CLANG_WARN_COMMA = YES;
				CLANG_WARN_CONSTANT_CONVERSION = YES;
				CLANG_WARN_DEPRECATED_OBJC_IMPLEMENTATIONS = YES;
				CLANG_WARN_DIRECT_OBJC_ISA_USAGE = YES_ERROR;
				CLANG_WARN_DOCUMENTATION_COMMENTS = YES;
				CLANG_WARN_EMPTY_BODY = YES;
				CLANG_WARN_ENUM_CONVERSION = YES;
				CLANG_WARN_INFINITE_RECURSION = YES;
				CLANG_WARN_INT_CONVERSION = YES;
				CLANG_WARN_NON_LITERAL_NULL_CONVERSION = YES;
				CLANG_WARN_OBJC_IMPLICIT_RETAIN_SELF = YES;
				CLANG_WARN_OBJC_LITERAL_CONVERSION = YES;
				CLANG_WARN_OBJC_ROOT_CLASS = YES_ERROR;
				CLANG_WARN_QUOTED_INCLUDE_IN_FRAMEWORK_HEADER = YES;
				CLANG_WARN_RANGE_LOOP_ANALYSIS = YES;
				CLANG_WARN_STRICT_PROTOTYPES = YES;
				CLANG_WARN_SUSPICIOUS_MOVE = YES;
				CLANG_WARN_UNGUARDED_AVAILABILITY = YES_AGGRESSIVE;
				CLANG_WARN_UNREACHABLE_CODE = YES;
				CLANG_WARN__DUPLICATE_METHOD_MATCH = YES;
				COPY_PHASE_STRIP = NO;
				DEBUG_INFORMATION_FORMAT = "dwarf-with-dsym";
				ENABLE_NS_ASSERTIONS = NO;
				ENABLE_STRICT_OBJC_MSGSEND = YES;
				GCC_C_LANGUAGE_STANDARD = gnu11;
				GCC_NO_COMMON_BLOCKS = YES;
				GCC_WARN_64_TO_32_BIT_CONVERSION = YES;
				GCC_WARN_ABOUT_RETURN_TYPE = YES_ERROR;
				GCC_WARN_UNDECLARED_SELECTOR = YES;
				GCC_WARN_UNINITIALIZED_AUTOS = YES_AGGRESSIVE;
				GCC_WARN_UNUSED_FUNCTION = YES;
				GCC_WARN_UNUSED_VARIABLE = YES;
				IPHONEOS_DEPLOYMENT_TARGET = 14.2;
				MTL_ENABLE_DEBUG_INFO = NO;
				MTL_FAST_MATH = YES;
				SDKROOT = iphoneos;
				SWIFT_COMPILATION_MODE = wholemodule;
				SWIFT_OPTIMIZATION_LEVEL = "-O";
				VALIDATE_PRODUCT = YES;
			};
			name = Release;
		};
		6CD7C3D625F086E60092D30E /* Debug */ = {
			isa = XCBuildConfiguration;
			baseConfigurationReference = D7FF0C8568A9B356F0E8F237 /* Pods-gongmanse.debug.xcconfig */;
			buildSettings = {
				ASSETCATALOG_COMPILER_APPICON_NAME = AppIcon;
				ASSETCATALOG_COMPILER_GLOBAL_ACCENT_COLOR_NAME = AccentColor;
				CODE_SIGN_STYLE = Automatic;
				INFOPLIST_FILE = gongmanse/Info.plist;
				IPHONEOS_DEPLOYMENT_TARGET = 13.0;
				LD_RUNPATH_SEARCH_PATHS = (
					"$(inherited)",
					"@executable_path/Frameworks",
				);
				PRODUCT_BUNDLE_IDENTIFIER = com.gongmanse.app.gongmanse;
				PRODUCT_NAME = "$(TARGET_NAME)";
				SWIFT_VERSION = 5.0;
				TARGETED_DEVICE_FAMILY = 1;
			};
			name = Debug;
		};
		6CD7C3D725F086E60092D30E /* Release */ = {
			isa = XCBuildConfiguration;
			baseConfigurationReference = 9925BCA8E66A53077BDDC5D1 /* Pods-gongmanse.release.xcconfig */;
			buildSettings = {
				ASSETCATALOG_COMPILER_APPICON_NAME = AppIcon;
				ASSETCATALOG_COMPILER_GLOBAL_ACCENT_COLOR_NAME = AccentColor;
				CODE_SIGN_STYLE = Automatic;
				INFOPLIST_FILE = gongmanse/Info.plist;
				IPHONEOS_DEPLOYMENT_TARGET = 13.0;
				LD_RUNPATH_SEARCH_PATHS = (
					"$(inherited)",
					"@executable_path/Frameworks",
				);
				PRODUCT_BUNDLE_IDENTIFIER = com.gongmanse.app.gongmanse;
				PRODUCT_NAME = "$(TARGET_NAME)";
				SWIFT_VERSION = 5.0;
				TARGETED_DEVICE_FAMILY = 1;
			};
			name = Release;
		};
/* End XCBuildConfiguration section */

/* Begin XCConfigurationList section */
		6CD7C3BC25F086E00092D30E /* Build configuration list for PBXProject "gongmanse" */ = {
			isa = XCConfigurationList;
			buildConfigurations = (
				6CD7C3D325F086E60092D30E /* Debug */,
				6CD7C3D425F086E60092D30E /* Release */,
			);
			defaultConfigurationIsVisible = 0;
			defaultConfigurationName = Release;
		};
		6CD7C3D525F086E60092D30E /* Build configuration list for PBXNativeTarget "gongmanse" */ = {
			isa = XCConfigurationList;
			buildConfigurations = (
				6CD7C3D625F086E60092D30E /* Debug */,
				6CD7C3D725F086E60092D30E /* Release */,
			);
			defaultConfigurationIsVisible = 0;
			defaultConfigurationName = Release;
		};
/* End XCConfigurationList section */
	};
	rootObject = 6CD7C3B925F086DF0092D30E /* Project object */;
}
